github.com/adracea/hugo-theme-hello-friend-ng v0.0.0-20231007122510-71cee08f5605 h1:lmw3BTdtTaxx969P3ULWN7x+yYfiuCZResLH86R1GBI=
github.com/adracea/hugo-theme-hello-friend-ng v0.0.0-20231007122510-71cee08f5605/go.mod h1:4d+mHWtVuPMa+n+gYrl+URkcsBiiVs4Po5vVyu5zmUk=
github.com/adracea/hugo-theme-hello-friend-ng v0.0.0-20231026122005-a35b0920bc0c h1:B2GBTBKuAaTaM4uhC7Ks8MHfrXA31C0kU0tmvwtWGi4=
github.com/adracea/hugo-theme-hello-friend-ng v0.0.0-20231026122005-a35b0920bc0c/go.mod h1:4d+mHWtVuPMa+n+gYrl+URkcsBiiVs4Po5vVyu5zmUk=
github.com/adracea/hugo-theme-hello-friend-ng v0.0.0-20231026134312-53447cd916fc h1:jCZeRAJIvlLjh7IJhHK4eBlAxBwfga0hXOvl51FakrM=
github.com/adracea/hugo-theme-hello-friend-ng v0.0.0-20231026134312-53447cd916fc/go.mod h1:4d+mHWtVuPMa+n+gYrl+URkcsBiiVs4Po5vVyu5zmUk=
