github.com/adracea/hugo-theme-hello-friend-ng v0.0.0-20231026144528-2d2d092cef57 h1:k4bgIQMMl4bVXuTaBiFv9yEA/7UNfDlbITGvp3226TE=
github.com/adracea/hugo-theme-hello-friend-ng v0.0.0-20231026144528-2d2d092cef57/go.mod h1:4d+mHWtVuPMa+n+gYrl+URkcsBiiVs4Po5vVyu5zmUk=
github.com/adracea/hugo-theme-hello-friend-ng v0.0.0-20231026165709-be10ec5d3c8e h1:BxUDRc5odml5SnMccLb9HeFySd15BFfXYTCPvLFjWFU=
github.com/adracea/hugo-theme-hello-friend-ng v0.0.0-20231026165709-be10ec5d3c8e/go.mod h1:4d+mHWtVuPMa+n+gYrl+URkcsBiiVs4Po5vVyu5zmUk=
github.com/adracea/hugo-theme-hello-friend-ng v0.0.0-20231026165936-9894d3b07033 h1:WVBhuqoT1sY/WTRj/29XvkJuyDjXZq+0zJq0jh2PGck=
github.com/adracea/hugo-theme-hello-friend-ng v0.0.0-20231026165936-9894d3b07033/go.mod h1:4d+mHWtVuPMa+n+gYrl+URkcsBiiVs4Po5vVyu5zmUk=
github.com/adracea/hugo-theme-hello-friend-ng v0.0.0-20231026170036-6844e7a76688 h1:r3RiDOOOkU3TAEQIvnxDISCMrGTKUfnXvieQMpDoypQ=
github.com/adracea/hugo-theme-hello-friend-ng v0.0.0-20231026170036-6844e7a76688/go.mod h1:4d+mHWtVuPMa+n+gYrl+URkcsBiiVs4Po5vVyu5zmUk=
github.com/adracea/hugo-theme-hello-friend-ng v0.0.0-20231026171003-741512dda24d h1:Rxa57Y7V6vFXSuJW/gNjqaygZjS3k8fTDazAcRQGLTU=
github.com/adracea/hugo-theme-hello-friend-ng v0.0.0-20231026171003-741512dda24d/go.mod h1:4d+mHWtVuPMa+n+gYrl+URkcsBiiVs4Po5vVyu5zmUk=
